
Microsoft Visual Studio Solution File, Format Version 12.00
# Visual Studio Version 16
VisualStudioVersion = 16.0.36631.11
MinimumVisualStudioVersion = 10.0.40219.1
Project("{FAE04EC0-301F-11D3-BF4B-00C04F79EFBC}") = "ShopEaseNew", "ShopEaseNew\ShopEaseNew.csproj", "{2A9A2C35-0787-429A-B9E4-61CA7E01B2B1}"
EndProject
Global
	GlobalSection(SolutionConfigurationPlatforms) = preSolution
		Debug|Any CPU = Debug|Any CPU
		Release|Any CPU = Release|Any CPU
	EndGlobalSection
	GlobalSection(ProjectConfigurationPlatforms) = postSolution
		{2A9A2C35-0787-429A-B9E4-61CA7E01B2B1}.Debug|Any CPU.ActiveCfg = Debug|Any CPU
		{2A9A2C35-0787-429A-B9E4-61CA7E01B2B1}.Debug|Any CPU.Build.0 = Debug|Any CPU
		{2A9A2C35-0787-429A-B9E4-61CA7E01B2B1}.Release|Any CPU.ActiveCfg = Release|Any CPU
		{2A9A2C35-0787-429A-B9E4-61CA7E01B2B1}.Release|Any CPU.Build.0 = Release|Any CPU
	EndGlobalSection
	GlobalSection(SolutionProperties) = preSolution
		HideSolutionNode = FALSE
	EndGlobalSection
	GlobalSection(ExtensibilityGlobals) = postSolution
		SolutionGuid = {4B978DF0-D143-4CEA-8B5D-C12C2B933614}
	EndGlobalSection
EndGlobal
